
Microsoft Visual Studio Solution File, Format Version 12.00
# Visual Studio 15
VisualStudioVersion = 15.0.28307.329
MinimumVisualStudioVersion = 10.0.40219.1
Project("{FAE04EC0-301F-11D3-BF4B-00C04F79EFBC}") = "Task1W1", "Task1W1\Task1W1.csproj", "{A865A1DC-2233-4AB5-91A0-76B6CAE2C97C}"
EndProject
Global
	GlobalSection(SolutionConfigurationPlatforms) = preSolution
		Debug|Any CPU = Debug|Any CPU
		Release|Any CPU = Release|Any CPU
	EndGlobalSection
	GlobalSection(ProjectConfigurationPlatforms) = postSolution
		{A865A1DC-2233-4AB5-91A0-76B6CAE2C97C}.Debug|Any CPU.ActiveCfg = Debug|Any CPU
		{A865A1DC-2233-4AB5-91A0-76B6CAE2C97C}.Debug|Any CPU.Build.0 = Debug|Any CPU
		{A865A1DC-2233-4AB5-91A0-76B6CAE2C97C}.Release|Any CPU.ActiveCfg = Release|Any CPU
		{A865A1DC-2233-4AB5-91A0-76B6CAE2C97C}.Release|Any CPU.Build.0 = Release|Any CPU
	EndGlobalSection
	GlobalSection(SolutionProperties) = preSolution
		HideSolutionNode = FALSE
	EndGlobalSection
	GlobalSection(ExtensibilityGlobals) = postSolution
		SolutionGuid = {9304291A-4E17-4BA6-B699-D659117120B4}
	EndGlobalSection
EndGlobal
