
Microsoft Visual Studio Solution File, Format Version 12.00
# Visual Studio 15
VisualStudioVersion = 15.0.28307.329
MinimumVisualStudioVersion = 10.0.40219.1
Project("{FAE04EC0-301F-11D3-BF4B-00C04F79EFBC}") = "ex1w1", "ex1w1\ex1w1.csproj", "{D06C9E2C-BA23-4122-8FBF-86164C63A14B}"
EndProject
Global
	GlobalSection(SolutionConfigurationPlatforms) = preSolution
		Debug|Any CPU = Debug|Any CPU
		Release|Any CPU = Release|Any CPU
	EndGlobalSection
	GlobalSection(ProjectConfigurationPlatforms) = postSolution
		{D06C9E2C-BA23-4122-8FBF-86164C63A14B}.Debug|Any CPU.ActiveCfg = Debug|Any CPU
		{D06C9E2C-BA23-4122-8FBF-86164C63A14B}.Debug|Any CPU.Build.0 = Debug|Any CPU
		{D06C9E2C-BA23-4122-8FBF-86164C63A14B}.Release|Any CPU.ActiveCfg = Release|Any CPU
		{D06C9E2C-BA23-4122-8FBF-86164C63A14B}.Release|Any CPU.Build.0 = Release|Any CPU
	EndGlobalSection
	GlobalSection(SolutionProperties) = preSolution
		HideSolutionNode = FALSE
	EndGlobalSection
	GlobalSection(ExtensibilityGlobals) = postSolution
		SolutionGuid = {18003A4A-BD67-4456-9E7B-6F14C6C9E38B}
	EndGlobalSection
EndGlobal
